{
  "name": "ebilling",
  "version": "1.0.0",
  "lockfileVersion": 2,
  "requires": true,
  "packages": {
    "": {
      "name": "ebilling",
      "version": "1.0.0",
      "license": "ISC",
      "dependencies": {
        "highcharts": "^8.2.0",
        "sweetalert2": "^9.10.12"
      },
      "devDependencies": {}
    },
    "node_modules/highcharts": {
      "version": "8.2.0",
      "resolved": "https://registry.npmjs.org/highcharts/-/highcharts-8.2.0.tgz",
      "integrity": "sha512-s3R7UEaMWUDJNxFfdjuiOtI8rnSvhEZUNN4TA7LiDRc9Tw7DUKvTv5WXSTYzxojokLbybwwlf9t3jg/meAUTnQ=="
    },
    "node_modules/sweetalert2": {
      "version": "9.10.12",
      "resolved": "https://registry.npmjs.org/sweetalert2/-/sweetalert2-9.10.12.tgz",
      "integrity": "sha512-RnarmbDGTPmwecJbaVdq5LvlzbVReIOtPk0huPnXOE19G00xMxGcTY0wjt9AjwsexUnLivLXc3b6nD6+D6NlGg==",
      "funding": {
        "url": "https://sweetalert2.github.io/#donations"
      }
    }
  },
  "dependencies": {
    "highcharts": {
      "version": "8.2.0",
      "resolved": "https://registry.npmjs.org/highcharts/-/highcharts-8.2.0.tgz",
      "integrity": "sha512-s3R7UEaMWUDJNxFfdjuiOtI8rnSvhEZUNN4TA7LiDRc9Tw7DUKvTv5WXSTYzxojokLbybwwlf9t3jg/meAUTnQ=="
    },
    "sweetalert2": {
      "version": "9.10.12",
      "resolved": "https://registry.npmjs.org/sweetalert2/-/sweetalert2-9.10.12.tgz",
      "integrity": "sha512-RnarmbDGTPmwecJbaVdq5LvlzbVReIOtPk0huPnXOE19G00xMxGcTY0wjt9AjwsexUnLivLXc3b6nD6+D6NlGg=="
    }
  }
}
